
Microsoft Visual Studio Solution File, Format Version 12.00
# Visual Studio Version 17
VisualStudioVersion = 17.12.35514.174
MinimumVisualStudioVersion = 10.0.40219.1
Project("{2150E333-8FDC-42A3-9474-1A3956D46DE8}") = "src", "src", "{50823E6E-3F37-47A7-A80A-78A2763A5D26}"
EndProject
Project("{FAE04EC0-301F-11D3-BF4B-00C04F79EFBC}") = "MsaterResumeIR.Domain", "MsaterResumeIR.Domain\MsaterResumeIR.Domain.csproj", "{52A1BE0F-A7F3-4544-A356-CDC394D0181D}"
EndProject
Project("{FAE04EC0-301F-11D3-BF4B-00C04F79EFBC}") = "MsaterResumeIR.Application", "MsaterResumeIR.Application\MsaterResumeIR.Application.csproj", "{353A5327-AA59-4EDE-8158-ECB4C9362326}"
EndProject
Project("{FAE04EC0-301F-11D3-BF4B-00C04F79EFBC}") = "MsaterResumeIR.Infrastructure", "MsaterResumeIR.Infrastructure\MsaterResumeIR.Infrastructure.csproj", "{A346D1DA-2D85-48C0-8E49-01F3F09916B3}"
EndProject
Project("{FAE04EC0-301F-11D3-BF4B-00C04F79EFBC}") = "MsaterResumeIR.Presentation", "MsaterResumeIR.Presentation\MsaterResumeIR.Presentation.csproj", "{4ACA3CCA-C98A-4EC5-A41B-57AACFD4FC5E}"
EndProject
Global
	GlobalSection(SolutionConfigurationPlatforms) = preSolution
		Debug|Any CPU = Debug|Any CPU
		Release|Any CPU = Release|Any CPU
	EndGlobalSection
	GlobalSection(ProjectConfigurationPlatforms) = postSolution
		{52A1BE0F-A7F3-4544-A356-CDC394D0181D}.Debug|Any CPU.ActiveCfg = Debug|Any CPU
		{52A1BE0F-A7F3-4544-A356-CDC394D0181D}.Debug|Any CPU.Build.0 = Debug|Any CPU
		{52A1BE0F-A7F3-4544-A356-CDC394D0181D}.Release|Any CPU.ActiveCfg = Release|Any CPU
		{52A1BE0F-A7F3-4544-A356-CDC394D0181D}.Release|Any CPU.Build.0 = Release|Any CPU
		{353A5327-AA59-4EDE-8158-ECB4C9362326}.Debug|Any CPU.ActiveCfg = Debug|Any CPU
		{353A5327-AA59-4EDE-8158-ECB4C9362326}.Debug|Any CPU.Build.0 = Debug|Any CPU
		{353A5327-AA59-4EDE-8158-ECB4C9362326}.Release|Any CPU.ActiveCfg = Release|Any CPU
		{353A5327-AA59-4EDE-8158-ECB4C9362326}.Release|Any CPU.Build.0 = Release|Any CPU
		{A346D1DA-2D85-48C0-8E49-01F3F09916B3}.Debug|Any CPU.ActiveCfg = Debug|Any CPU
		{A346D1DA-2D85-48C0-8E49-01F3F09916B3}.Debug|Any CPU.Build.0 = Debug|Any CPU
		{A346D1DA-2D85-48C0-8E49-01F3F09916B3}.Release|Any CPU.ActiveCfg = Release|Any CPU
		{A346D1DA-2D85-48C0-8E49-01F3F09916B3}.Release|Any CPU.Build.0 = Release|Any CPU
		{4ACA3CCA-C98A-4EC5-A41B-57AACFD4FC5E}.Debug|Any CPU.ActiveCfg = Debug|Any CPU
		{4ACA3CCA-C98A-4EC5-A41B-57AACFD4FC5E}.Debug|Any CPU.Build.0 = Debug|Any CPU
		{4ACA3CCA-C98A-4EC5-A41B-57AACFD4FC5E}.Release|Any CPU.ActiveCfg = Release|Any CPU
		{4ACA3CCA-C98A-4EC5-A41B-57AACFD4FC5E}.Release|Any CPU.Build.0 = Release|Any CPU
	EndGlobalSection
	GlobalSection(SolutionProperties) = preSolution
		HideSolutionNode = FALSE
	EndGlobalSection
	GlobalSection(NestedProjects) = preSolution
		{52A1BE0F-A7F3-4544-A356-CDC394D0181D} = {50823E6E-3F37-47A7-A80A-78A2763A5D26}
		{353A5327-AA59-4EDE-8158-ECB4C9362326} = {50823E6E-3F37-47A7-A80A-78A2763A5D26}
		{A346D1DA-2D85-48C0-8E49-01F3F09916B3} = {50823E6E-3F37-47A7-A80A-78A2763A5D26}
		{4ACA3CCA-C98A-4EC5-A41B-57AACFD4FC5E} = {50823E6E-3F37-47A7-A80A-78A2763A5D26}
	EndGlobalSection
EndGlobal
